
Microsoft Visual Studio Solution File, Format Version 12.00
# Visual Studio Version 17
VisualStudioVersion = 17.0.31717.71
MinimumVisualStudioVersion = 10.0.40219.1
Project("{FAE04EC0-301F-11D3-BF4B-00C04F79EFBC}") = "WpfApp1", "WpfApp1.csproj", "{CD0EFBA0-CF6C-4EFE-B11A-7EF8F48F5ACB}"
EndProject
Global
	GlobalSection(SolutionConfigurationPlatforms) = preSolution
		Debug|Any CPU = Debug|Any CPU
		Release|Any CPU = Release|Any CPU
	EndGlobalSection
	GlobalSection(ProjectConfigurationPlatforms) = postSolution
		{CD0EFBA0-CF6C-4EFE-B11A-7EF8F48F5ACB}.Debug|Any CPU.ActiveCfg = Debug|Any CPU
		{CD0EFBA0-CF6C-4EFE-B11A-7EF8F48F5ACB}.Debug|Any CPU.Build.0 = Debug|Any CPU
		{CD0EFBA0-CF6C-4EFE-B11A-7EF8F48F5ACB}.Release|Any CPU.ActiveCfg = Release|Any CPU
		{CD0EFBA0-CF6C-4EFE-B11A-7EF8F48F5ACB}.Release|Any CPU.Build.0 = Release|Any CPU
	EndGlobalSection
	GlobalSection(SolutionProperties) = preSolution
		HideSolutionNode = FALSE
	EndGlobalSection
	GlobalSection(ExtensibilityGlobals) = postSolution
		SolutionGuid = {226F86A3-A0B2-437B-A304-A9FA680FCA93}
	EndGlobalSection
EndGlobal
